
Microsoft Visual Studio Solution File, Format Version 12.00
# Visual Studio Version 16
VisualStudioVersion = 16.0.29326.143
MinimumVisualStudioVersion = 10.0.40219.1
Project("{FAE04EC0-301F-11D3-BF4B-00C04F79EFBC}") = "BoardF", "BoardF\BoardF.csproj", "{CD741CFA-C2D0-47D1-8155-48400B298607}"
EndProject
Project("{FAE04EC0-301F-11D3-BF4B-00C04F79EFBC}") = "BoardFTests1", "BoardFTests1\BoardFTests1.csproj", "{3399144D-6A19-4F6D-BE34-D1ED49BFD0C1}"
EndProject
Global
	GlobalSection(SolutionConfigurationPlatforms) = preSolution
		Debug|Any CPU = Debug|Any CPU
		Release|Any CPU = Release|Any CPU
	EndGlobalSection
	GlobalSection(ProjectConfigurationPlatforms) = postSolution
		{CD741CFA-C2D0-47D1-8155-48400B298607}.Debug|Any CPU.ActiveCfg = Debug|Any CPU
		{CD741CFA-C2D0-47D1-8155-48400B298607}.Debug|Any CPU.Build.0 = Debug|Any CPU
		{CD741CFA-C2D0-47D1-8155-48400B298607}.Release|Any CPU.ActiveCfg = Release|Any CPU
		{CD741CFA-C2D0-47D1-8155-48400B298607}.Release|Any CPU.Build.0 = Release|Any CPU
		{3399144D-6A19-4F6D-BE34-D1ED49BFD0C1}.Debug|Any CPU.ActiveCfg = Debug|Any CPU
		{3399144D-6A19-4F6D-BE34-D1ED49BFD0C1}.Debug|Any CPU.Build.0 = Debug|Any CPU
		{3399144D-6A19-4F6D-BE34-D1ED49BFD0C1}.Release|Any CPU.ActiveCfg = Release|Any CPU
		{3399144D-6A19-4F6D-BE34-D1ED49BFD0C1}.Release|Any CPU.Build.0 = Release|Any CPU
	EndGlobalSection
	GlobalSection(SolutionProperties) = preSolution
		HideSolutionNode = FALSE
	EndGlobalSection
	GlobalSection(ExtensibilityGlobals) = postSolution
		SolutionGuid = {0F4CD9D0-4813-4AB4-B34B-6470F9105DE2}
	EndGlobalSection
EndGlobal
